
Microsoft Visual Studio Solution File, Format Version 12.00
# Visual Studio Version 16
VisualStudioVersion = 16.0.31729.503
MinimumVisualStudioVersion = 10.0.40219.1
Project("{FAE04EC0-301F-11D3-BF4B-00C04F79EFBC}") = "ClubPortalMS", "ClubPortalMS.csproj", "{B20205E2-6F22-46DA-8C8B-5AAFEE962B3C}"
EndProject
Global
	GlobalSection(SolutionConfigurationPlatforms) = preSolution
		Debug|Any CPU = Debug|Any CPU
		Release|Any CPU = Release|Any CPU
	EndGlobalSection
	GlobalSection(ProjectConfigurationPlatforms) = postSolution
		{B20205E2-6F22-46DA-8C8B-5AAFEE962B3C}.Debug|Any CPU.ActiveCfg = Debug|Any CPU
		{B20205E2-6F22-46DA-8C8B-5AAFEE962B3C}.Debug|Any CPU.Build.0 = Debug|Any CPU
		{B20205E2-6F22-46DA-8C8B-5AAFEE962B3C}.Release|Any CPU.ActiveCfg = Release|Any CPU
		{B20205E2-6F22-46DA-8C8B-5AAFEE962B3C}.Release|Any CPU.Build.0 = Release|Any CPU
	EndGlobalSection
	GlobalSection(SolutionProperties) = preSolution
		HideSolutionNode = FALSE
	EndGlobalSection
	GlobalSection(ExtensibilityGlobals) = postSolution
		SolutionGuid = {8EF719DC-2340-4449-B056-61B2AD7396A0}
	EndGlobalSection
EndGlobal
